{
  "date": "2026-09-13",
  "subject": "Studying the Masters - Sunday - 13 September 2026",
  "status": "sent",
  "attempt": 1,
  "created_at_ist": "2026-09-13 11:55:04",
  "updated_at_ist": "2026-09-13 11:55:04",
  "email_message_id": "5c6b01e5-307d-4b96-8392-3d5a8b787fff",
  "sent_at_ist": "2026-09-13 11:55:04"
}