{
  "date": "2026-08-12",
  "subject": "Studying the Masters - 12 August 2026",
  "status": "sent",
  "attempt": 1,
  "created_at_ist": "2026-08-12 09:55:38",
  "updated_at_ist": "2026-08-12 09:55:38",
  "email_message_id": "a42f754f-c33f-4306-9a8f-d2fb309ebc9b",
  "sent_at_ist": "2026-08-12 09:55:38"
}