{
  "date": "2026-09-09",
  "subject": "Studying the Masters - 9 September 2026",
  "status": "sent",
  "attempt": 1,
  "created_at_ist": "2026-09-09 10:37:03",
  "updated_at_ist": "2026-09-09 10:37:04",
  "email_message_id": "053f7270-bdcb-4a4d-b5b4-b93af3c7fa8b",
  "sent_at_ist": "2026-09-09 10:37:04"
}