{
  "date": "2026-09-02",
  "subject": "Studying the Masters - 2 September 2026",
  "status": "sent",
  "attempt": 1,
  "created_at_ist": "2026-09-02 09:56:08",
  "updated_at_ist": "2026-09-02 09:56:08",
  "email_message_id": "b3868e88-dd41-4002-bce9-e33be1be79ae",
  "sent_at_ist": "2026-09-02 09:56:08"
}