{
  "date": "2026-08-25",
  "subject": "Studying the Masters - 25 August 2026",
  "status": "sent",
  "attempt": 1,
  "created_at_ist": "2026-08-25 09:55:53",
  "updated_at_ist": "2026-08-25 09:55:53",
  "email_message_id": "eebf9f58-30c7-40de-bee0-19e7297593ae",
  "sent_at_ist": "2026-08-25 09:55:53"
}