{
  "date": "2026-08-14",
  "subject": "Studying the Masters - 14 August 2026",
  "status": "sent",
  "attempt": 1,
  "created_at_ist": "2026-08-14 09:55:03",
  "updated_at_ist": "2026-08-14 09:55:03",
  "email_message_id": "b9831ea3-afac-4913-a237-fc2168b219e9",
  "sent_at_ist": "2026-08-14 09:55:03"
}