{
  "date": "2026-08-28",
  "subject": "Studying the Masters - 28 August 2026",
  "status": "sent",
  "attempt": 1,
  "created_at_ist": "2026-08-28 09:55:53",
  "updated_at_ist": "2026-08-28 09:55:53",
  "email_message_id": "2bccc2e1-25ad-4da0-b162-8d341e778f7e",
  "sent_at_ist": "2026-08-28 09:55:53"
}