{
  "date": "2026-08-23",
  "subject": "Studying the Masters - Sunday - 23 August 2026",
  "status": "sent",
  "attempt": 1,
  "created_at_ist": "2026-08-23 11:55:53",
  "updated_at_ist": "2026-08-23 11:55:54",
  "email_message_id": "9bebab69-831e-46c3-8143-6913b5dfc00b",
  "sent_at_ist": "2026-08-23 11:55:54"
}