{
  "date": "2026-08-29",
  "subject": "Studying the Masters - 29 August 2026",
  "status": "sent",
  "attempt": 1,
  "created_at_ist": "2026-08-29 09:55:52",
  "updated_at_ist": "2026-08-29 09:55:52",
  "email_message_id": "61e5941a-9941-48e8-abe3-9f6c462f632f",
  "sent_at_ist": "2026-08-29 09:55:52"
}