{
  "date": "2026-10-07",
  "subject": "Studying the Masters - 7 October 2026",
  "status": "sent",
  "attempt": 1,
  "created_at_ist": "2026-10-07 09:55:03",
  "updated_at_ist": "2026-10-07 09:55:03",
  "email_message_id": "01a1149b-96ec-76c4-bf9c-bfc5b682f8a0",
  "sent_at_ist": "2026-10-07 09:55:03"
}