{
  "date": "2026-08-24",
  "subject": "Studying the Masters - 24 August 2026",
  "status": "sent",
  "attempt": 1,
  "created_at_ist": "2026-08-24 09:55:38",
  "updated_at_ist": "2026-08-24 09:55:39",
  "email_message_id": "c42ba59c-ecd8-4adb-9a3f-390aa8f80e0d",
  "sent_at_ist": "2026-08-24 09:55:39"
}