{
  "date": "2026-08-26",
  "subject": "Studying the Masters - 26 August 2026",
  "status": "sent",
  "attempt": 1,
  "created_at_ist": "2026-08-26 09:55:54",
  "updated_at_ist": "2026-08-26 09:55:54",
  "email_message_id": "e39dff04-80af-4ba8-b878-bcddde3aa9ac",
  "sent_at_ist": "2026-08-26 09:55:54"
}