{
  "date": "2026-09-19",
  "subject": "Studying the Masters - 19 September 2026",
  "status": "sent",
  "attempt": 1,
  "created_at_ist": "2026-09-19 09:55:04",
  "updated_at_ist": "2026-09-19 09:55:04",
  "email_message_id": "01a0b7e9-220b-7226-ad25-2930c699f470",
  "sent_at_ist": "2026-09-19 09:55:04"
}