{
  "date": "2026-09-16",
  "subject": "Studying the Masters - 16 September 2026",
  "status": "sent",
  "attempt": 1,
  "created_at_ist": "2026-09-16 12:16:49",
  "updated_at_ist": "2026-09-16 12:16:49",
  "email_message_id": "5785534f-e46a-47b7-9944-3052db8bf436",
  "sent_at_ist": "2026-09-16 12:16:49"
}