{
  "date": "2026-09-04",
  "subject": "Studying the Masters - 4 September 2026",
  "status": "sent",
  "attempt": 1,
  "created_at_ist": "2026-09-04 09:55:53",
  "updated_at_ist": "2026-09-04 09:55:53",
  "email_message_id": "b010dd98-7bed-47b3-8ab2-0537cad43bcc",
  "sent_at_ist": "2026-09-04 09:55:53"
}