{
  "date": "2026-09-24",
  "subject": "Studying the Masters - 24 September 2026",
  "status": "sent",
  "attempt": 1,
  "created_at_ist": "2026-09-24 12:22:47",
  "updated_at_ist": "2026-09-24 12:22:47",
  "email_message_id": "01a0d230-2b57-72c9-b053-97ee2b0d91f5",
  "sent_at_ist": "2026-09-24 12:22:47"
}