{
  "date": "2026-08-13",
  "subject": "Studying the Masters - 13 August 2026",
  "status": "sent",
  "attempt": 1,
  "created_at_ist": "2026-08-13 09:55:03",
  "updated_at_ist": "2026-08-13 09:55:03",
  "email_message_id": "f5b20961-b2bb-4e98-ab66-945f424a437f",
  "sent_at_ist": "2026-08-13 09:55:03"
}