{
  "date": "2026-09-07",
  "subject": "Studying the Masters - 7 September 2026",
  "status": "sent",
  "attempt": 1,
  "created_at_ist": "2026-09-07 10:22:21",
  "updated_at_ist": "2026-09-07 10:22:22",
  "email_message_id": "454f808b-2493-423c-a0fe-01ab2688f198",
  "sent_at_ist": "2026-09-07 10:22:22"
}