{
  "date": "2026-09-30",
  "subject": "Studying the Masters - 30 September 2026",
  "status": "sent",
  "attempt": 1,
  "created_at_ist": "2026-09-30 09:55:03",
  "updated_at_ist": "2026-09-30 09:55:04",
  "email_message_id": "01a0f08f-15a3-7ef4-9651-aa7a94b261cc",
  "sent_at_ist": "2026-09-30 09:55:04"
}