{
  "date": "2026-08-27",
  "subject": "Studying the Masters - 27 August 2026",
  "status": "sent",
  "attempt": 1,
  "created_at_ist": "2026-08-27 09:55:53",
  "updated_at_ist": "2026-08-27 09:55:53",
  "email_message_id": "66af91aa-325c-4c54-9d81-2a03c85536aa",
  "sent_at_ist": "2026-08-27 09:55:53"
}