{
  "date": "2026-09-17",
  "subject": "Studying the Masters - 17 September 2026",
  "status": "sent",
  "attempt": 1,
  "created_at_ist": "2026-09-17 09:55:03",
  "updated_at_ist": "2026-09-17 09:55:04",
  "email_message_id": "01a0ad9c-68f1-7468-bee8-ccf470a3f1d8",
  "sent_at_ist": "2026-09-17 09:55:04"
}