{
  "date": "2026-09-25",
  "subject": "Studying the Masters - 25 September 2026",
  "status": "sent",
  "attempt": 1,
  "created_at_ist": "2026-09-25 09:55:04",
  "updated_at_ist": "2026-09-25 09:55:04",
  "email_message_id": "01a0d6cf-4a0e-747e-9432-e72f242fa737",
  "sent_at_ist": "2026-09-25 09:55:04"
}