{
  "date": "2026-09-14",
  "subject": "Studying the Masters - 14 September 2026",
  "status": "sent",
  "attempt": 1,
  "created_at_ist": "2026-09-14 09:55:03",
  "updated_at_ist": "2026-09-14 09:55:04",
  "email_message_id": "809dd1d1-94e0-4895-be04-467bc56eb065",
  "sent_at_ist": "2026-09-14 09:55:04"
}