{
  "date": "2026-09-22",
  "subject": "Studying the Masters - 22 September 2026",
  "status": "sent",
  "attempt": 1,
  "created_at_ist": "2026-09-22 09:55:03",
  "updated_at_ist": "2026-09-22 09:55:03",
  "email_message_id": "01a0c75c-346b-77e9-84bc-5f249f962ec7",
  "sent_at_ist": "2026-09-22 09:55:03"
}