{
  "date": "2026-10-04",
  "subject": "Studying the Masters - Sunday - 4 October 2026",
  "status": "sent",
  "attempt": 1,
  "created_at_ist": "2026-10-04 11:55:03",
  "updated_at_ist": "2026-10-04 11:55:03",
  "email_message_id": "01a10596-5fe7-7896-8ef8-f5572bad6980",
  "sent_at_ist": "2026-10-04 11:55:03"
}