{
  "date": "2026-10-10",
  "subject": "Studying the Masters - 10 October 2026",
  "status": "sent",
  "attempt": 1,
  "created_at_ist": "2026-10-10 09:55:03",
  "updated_at_ist": "2026-10-10 09:55:04",
  "email_message_id": "01a1240e-ad00-74bb-9ff7-895ba4c91cf8",
  "sent_at_ist": "2026-10-10 09:55:04"
}