{
  "date": "2026-08-19",
  "subject": "Studying the Masters - 19 August 2026",
  "status": "sent",
  "attempt": 1,
  "created_at_ist": "2026-08-19 09:55:02",
  "updated_at_ist": "2026-08-19 09:55:03",
  "email_message_id": "3359eec5-d212-4f7c-a849-c327b7b26002",
  "sent_at_ist": "2026-08-19 09:55:03"
}