{
  "date": "2026-10-03",
  "subject": "Studying the Masters - 3 October 2026",
  "status": "sent",
  "attempt": 1,
  "created_at_ist": "2026-10-03 09:55:03",
  "updated_at_ist": "2026-10-03 09:55:04",
  "email_message_id": "01a10002-28f7-72a0-87a8-481b9a49dc94",
  "sent_at_ist": "2026-10-03 09:55:04"
}