{
  "date": "2026-10-09",
  "subject": "Studying the Masters - 9 October 2026",
  "status": "sent",
  "attempt": 1,
  "created_at_ist": "2026-10-09 09:55:03",
  "updated_at_ist": "2026-10-09 09:55:03",
  "email_message_id": "01a11ee8-4faf-7ac5-889d-f3129d2ef678",
  "sent_at_ist": "2026-10-09 09:55:03"
}