{
  "date": "2026-09-01",
  "subject": "Studying the Masters - 1 September 2026",
  "status": "sent",
  "attempt": 1,
  "created_at_ist": "2026-09-01 09:55:53",
  "updated_at_ist": "2026-09-01 09:55:53",
  "email_message_id": "39d4a6de-0af9-49d1-80f7-2d3389002156",
  "sent_at_ist": "2026-09-01 09:55:53"
}