{
  "date": "2026-08-31",
  "subject": "Studying the Masters - 31 August 2026",
  "status": "sent",
  "attempt": 1,
  "created_at_ist": "2026-08-31 09:55:53",
  "updated_at_ist": "2026-08-31 09:55:54",
  "email_message_id": "643ce98e-fda5-4b85-aa6e-3453f9a612c6",
  "sent_at_ist": "2026-08-31 09:55:54"
}