{
  "date": "2026-09-26",
  "subject": "Studying the Masters - 26 September 2026",
  "status": "sent",
  "attempt": 1,
  "created_at_ist": "2026-09-26 09:55:03",
  "updated_at_ist": "2026-09-26 09:55:04",
  "email_message_id": "01a0dbf5-a50b-701f-a2e1-5a04f5d5cf45",
  "sent_at_ist": "2026-09-26 09:55:04"
}