{
  "date": "2026-08-20",
  "subject": "Studying the Masters - 20 August 2026",
  "status": "sent",
  "attempt": 1,
  "created_at_ist": "2026-08-20 09:55:03",
  "updated_at_ist": "2026-08-20 09:55:04",
  "email_message_id": "e85a166b-9539-49cf-943c-37a29a9931ba",
  "sent_at_ist": "2026-08-20 09:55:04"
}