{
  "date": "2026-08-17",
  "subject": "Studying the Masters - 17 August 2026",
  "status": "sent",
  "attempt": 1,
  "created_at_ist": "2026-08-17 09:55:03",
  "updated_at_ist": "2026-08-17 09:55:03",
  "email_message_id": "232cd62a-5d69-45a4-8bd4-a16a48a1eb73",
  "sent_at_ist": "2026-08-17 09:55:03"
}