{
  "date": "2026-08-15",
  "subject": "Studying the Masters - 15 August 2026",
  "status": "sent",
  "attempt": 1,
  "created_at_ist": "2026-08-15 09:55:03",
  "updated_at_ist": "2026-08-15 09:55:04",
  "email_message_id": "48257387-d841-4532-92c9-0971b41da3b1",
  "sent_at_ist": "2026-08-15 09:55:04"
}