{
  "date": "2026-08-21",
  "subject": "Studying the Masters - 21 August 2026",
  "status": "sent",
  "attempt": 1,
  "created_at_ist": "2026-08-21 09:55:03",
  "updated_at_ist": "2026-08-21 09:55:04",
  "email_message_id": "a2bdb531-7c08-4339-87d3-52cec8ae954b",
  "sent_at_ist": "2026-08-21 09:55:04"
}