{
  "date": "2026-09-15",
  "subject": "Studying the Masters - 15 September 2026",
  "status": "sent",
  "attempt": 1,
  "created_at_ist": "2026-09-15 09:55:03",
  "updated_at_ist": "2026-09-15 09:55:03",
  "email_message_id": "00d19d42-48f8-473c-8ddc-f2486c7fc3d3",
  "sent_at_ist": "2026-09-15 09:55:03"
}