{
  "date": "2026-09-11",
  "subject": "Studying the Masters - 11 September 2026",
  "status": "sent",
  "attempt": 1,
  "created_at_ist": "2026-09-11 15:47:22",
  "updated_at_ist": "2026-09-11 15:47:22",
  "email_message_id": "e323a6dd-850d-444e-b9d3-415ca0d217cf",
  "sent_at_ist": "2026-09-11 15:47:22"
}